
Microsoft Visual Studio Solution File, Format Version 12.00
# Visual Studio Version 17
VisualStudioVersion = 17.4.33213.308
MinimumVisualStudioVersion = 10.0.40219.1
Project("{FAE04EC0-301F-11D3-BF4B-00C04F79EFBC}") = "RankingApp", "RankingApp\RankingApp.csproj", "{CE18F04A-6188-40DF-A45F-0F8D728E287F}"
EndProject
Global
	GlobalSection(SolutionConfigurationPlatforms) = preSolution
		Debug|Any CPU = Debug|Any CPU
		Release|Any CPU = Release|Any CPU
	EndGlobalSection
	GlobalSection(ProjectConfigurationPlatforms) = postSolution
		{CE18F04A-6188-40DF-A45F-0F8D728E287F}.Debug|Any CPU.ActiveCfg = Debug|Any CPU
		{CE18F04A-6188-40DF-A45F-0F8D728E287F}.Debug|Any CPU.Build.0 = Debug|Any CPU
		{CE18F04A-6188-40DF-A45F-0F8D728E287F}.Release|Any CPU.ActiveCfg = Release|Any CPU
		{CE18F04A-6188-40DF-A45F-0F8D728E287F}.Release|Any CPU.Build.0 = Release|Any CPU
	EndGlobalSection
	GlobalSection(SolutionProperties) = preSolution
		HideSolutionNode = FALSE
	EndGlobalSection
	GlobalSection(ExtensibilityGlobals) = postSolution
		SolutionGuid = {985131BB-2C52-4D43-8D9E-C6B63DA31C80}
	EndGlobalSection
EndGlobal
